
Microsoft Visual Studio Solution File, Format Version 12.00
# Visual Studio Version 17
VisualStudioVersion = 17.11.35327.3
MinimumVisualStudioVersion = 10.0.40219.1
Project("{2150E333-8FDC-42A3-9474-1A3956D46DE8}") = "Core", "Core", "{CF7F5032-F2D1-493E-AD56-5E86060DBF50}"
EndProject
Project("{2150E333-8FDC-42A3-9474-1A3956D46DE8}") = "Infrastructure", "Infrastructure", "{15ACE3D2-0DCF-4AFE-9FD5-D2E7BC19D9D6}"
EndProject
Project("{2150E333-8FDC-42A3-9474-1A3956D46DE8}") = "Presentation", "Presentation", "{99D6067C-2BF6-42DC-A796-8402EAEB5729}"
EndProject
Project("{2150E333-8FDC-42A3-9474-1A3956D46DE8}") = "Shared", "Shared", "{025310A2-E4D4-4CAD-AA7A-BC8641F24350}"
EndProject
Project("{9A19103F-16F7-4668-BE54-9A1E7A4F7556}") = "KoggoInvestments.Api", "KoggoInvestments.Api\KoggoInvestments.Api.csproj", "{AAC89561-1D6E-4F4C-A810-D3EFDD974C14}"
EndProject
Project("{9A19103F-16F7-4668-BE54-9A1E7A4F7556}") = "KoggoInvestments.Worker", "KoggoInvestments.Worker\KoggoInvestments.Worker.csproj", "{4A2E58DC-AD6F-4137-9BFE-C7A16B1DFB83}"
EndProject
Project("{9A19103F-16F7-4668-BE54-9A1E7A4F7556}") = "KoggoInvestments.AppHost", "KoggoInvestments.AppHost\KoggoInvestments.AppHost.csproj", "{AA32AAFC-A7A6-42CC-91CB-1A93F526B8EA}"
EndProject
Project("{9A19103F-16F7-4668-BE54-9A1E7A4F7556}") = "KoggoInvestments.ServiceDefaults", "KoggoInvestments.ServiceDefaults\KoggoInvestments.ServiceDefaults.csproj", "{74C92A8E-A202-458E-8C61-33842EFA0308}"
EndProject
Project("{9A19103F-16F7-4668-BE54-9A1E7A4F7556}") = "KoggoInvestments.Infrastructure", "KoggoInvestments.Infrastructure\KoggoInvestments.Infrastructure.csproj", "{A9339864-909B-43FA-B985-4BE8481F294E}"
EndProject
Project("{9A19103F-16F7-4668-BE54-9A1E7A4F7556}") = "KoggoInvestments.Persistence", "KoggoInvestments.Persistence\KoggoInvestments.Persistence.csproj", "{21DD3F93-7C49-46B9-82BE-AFD80E05B083}"
EndProject
Project("{9A19103F-16F7-4668-BE54-9A1E7A4F7556}") = "KoggoInvestments.Application", "KoggoInvestments.Application\KoggoInvestments.Application.csproj", "{B31AF7B9-29FF-4920-BF93-6D44F60CE8DB}"
EndProject
Project("{9A19103F-16F7-4668-BE54-9A1E7A4F7556}") = "KoggoInvestments.Domain", "KoggoInvestments.Domain\KoggoInvestments.Domain.csproj", "{BB48E961-E348-4079-9064-B31E86D243EB}"
EndProject
Project("{2150E333-8FDC-42A3-9474-1A3956D46DE8}") = "Extras", "Extras", "{D9F4269D-2AD6-4A9A-A005-1E44C2E918A9}"
	ProjectSection(SolutionItems) = preProject
		..\..\Extras\speech.md = ..\..\Extras\speech.md
		..\..\Extras\speech_ge.md = ..\..\Extras\speech_ge.md
	EndProjectSection
EndProject
Global
	GlobalSection(SolutionConfigurationPlatforms) = preSolution
		Debug|Any CPU = Debug|Any CPU
		Release|Any CPU = Release|Any CPU
	EndGlobalSection
	GlobalSection(ProjectConfigurationPlatforms) = postSolution
		{AAC89561-1D6E-4F4C-A810-D3EFDD974C14}.Debug|Any CPU.ActiveCfg = Debug|Any CPU
		{AAC89561-1D6E-4F4C-A810-D3EFDD974C14}.Debug|Any CPU.Build.0 = Debug|Any CPU
		{AAC89561-1D6E-4F4C-A810-D3EFDD974C14}.Release|Any CPU.ActiveCfg = Release|Any CPU
		{AAC89561-1D6E-4F4C-A810-D3EFDD974C14}.Release|Any CPU.Build.0 = Release|Any CPU
		{4A2E58DC-AD6F-4137-9BFE-C7A16B1DFB83}.Debug|Any CPU.ActiveCfg = Debug|Any CPU
		{4A2E58DC-AD6F-4137-9BFE-C7A16B1DFB83}.Debug|Any CPU.Build.0 = Debug|Any CPU
		{4A2E58DC-AD6F-4137-9BFE-C7A16B1DFB83}.Release|Any CPU.ActiveCfg = Release|Any CPU
		{4A2E58DC-AD6F-4137-9BFE-C7A16B1DFB83}.Release|Any CPU.Build.0 = Release|Any CPU
		{AA32AAFC-A7A6-42CC-91CB-1A93F526B8EA}.Debug|Any CPU.ActiveCfg = Debug|Any CPU
		{AA32AAFC-A7A6-42CC-91CB-1A93F526B8EA}.Debug|Any CPU.Build.0 = Debug|Any CPU
		{AA32AAFC-A7A6-42CC-91CB-1A93F526B8EA}.Release|Any CPU.ActiveCfg = Release|Any CPU
		{AA32AAFC-A7A6-42CC-91CB-1A93F526B8EA}.Release|Any CPU.Build.0 = Release|Any CPU
		{74C92A8E-A202-458E-8C61-33842EFA0308}.Debug|Any CPU.ActiveCfg = Debug|Any CPU
		{74C92A8E-A202-458E-8C61-33842EFA0308}.Debug|Any CPU.Build.0 = Debug|Any CPU
		{74C92A8E-A202-458E-8C61-33842EFA0308}.Release|Any CPU.ActiveCfg = Release|Any CPU
		{74C92A8E-A202-458E-8C61-33842EFA0308}.Release|Any CPU.Build.0 = Release|Any CPU
		{A9339864-909B-43FA-B985-4BE8481F294E}.Debug|Any CPU.ActiveCfg = Debug|Any CPU
		{A9339864-909B-43FA-B985-4BE8481F294E}.Debug|Any CPU.Build.0 = Debug|Any CPU
		{A9339864-909B-43FA-B985-4BE8481F294E}.Release|Any CPU.ActiveCfg = Release|Any CPU
		{A9339864-909B-43FA-B985-4BE8481F294E}.Release|Any CPU.Build.0 = Release|Any CPU
		{21DD3F93-7C49-46B9-82BE-AFD80E05B083}.Debug|Any CPU.ActiveCfg = Debug|Any CPU
		{21DD3F93-7C49-46B9-82BE-AFD80E05B083}.Debug|Any CPU.Build.0 = Debug|Any CPU
		{21DD3F93-7C49-46B9-82BE-AFD80E05B083}.Release|Any CPU.ActiveCfg = Release|Any CPU
		{21DD3F93-7C49-46B9-82BE-AFD80E05B083}.Release|Any CPU.Build.0 = Release|Any CPU
		{B31AF7B9-29FF-4920-BF93-6D44F60CE8DB}.Debug|Any CPU.ActiveCfg = Debug|Any CPU
		{B31AF7B9-29FF-4920-BF93-6D44F60CE8DB}.Debug|Any CPU.Build.0 = Debug|Any CPU
		{B31AF7B9-29FF-4920-BF93-6D44F60CE8DB}.Release|Any CPU.ActiveCfg = Release|Any CPU
		{B31AF7B9-29FF-4920-BF93-6D44F60CE8DB}.Release|Any CPU.Build.0 = Release|Any CPU
		{BB48E961-E348-4079-9064-B31E86D243EB}.Debug|Any CPU.ActiveCfg = Debug|Any CPU
		{BB48E961-E348-4079-9064-B31E86D243EB}.Debug|Any CPU.Build.0 = Debug|Any CPU
		{BB48E961-E348-4079-9064-B31E86D243EB}.Release|Any CPU.ActiveCfg = Release|Any CPU
		{BB48E961-E348-4079-9064-B31E86D243EB}.Release|Any CPU.Build.0 = Release|Any CPU
	EndGlobalSection
	GlobalSection(SolutionProperties) = preSolution
		HideSolutionNode = FALSE
	EndGlobalSection
	GlobalSection(NestedProjects) = preSolution
		{AAC89561-1D6E-4F4C-A810-D3EFDD974C14} = {99D6067C-2BF6-42DC-A796-8402EAEB5729}
		{4A2E58DC-AD6F-4137-9BFE-C7A16B1DFB83} = {99D6067C-2BF6-42DC-A796-8402EAEB5729}
		{AA32AAFC-A7A6-42CC-91CB-1A93F526B8EA} = {025310A2-E4D4-4CAD-AA7A-BC8641F24350}
		{74C92A8E-A202-458E-8C61-33842EFA0308} = {025310A2-E4D4-4CAD-AA7A-BC8641F24350}
		{A9339864-909B-43FA-B985-4BE8481F294E} = {15ACE3D2-0DCF-4AFE-9FD5-D2E7BC19D9D6}
		{21DD3F93-7C49-46B9-82BE-AFD80E05B083} = {15ACE3D2-0DCF-4AFE-9FD5-D2E7BC19D9D6}
		{B31AF7B9-29FF-4920-BF93-6D44F60CE8DB} = {CF7F5032-F2D1-493E-AD56-5E86060DBF50}
		{BB48E961-E348-4079-9064-B31E86D243EB} = {CF7F5032-F2D1-493E-AD56-5E86060DBF50}
	EndGlobalSection
EndGlobal
